
Microsoft Visual Studio Solution File, Format Version 12.00
# Visual Studio Version 17
VisualStudioVersion = 17.8.34525.116
MinimumVisualStudioVersion = 10.0.40219.1
Project("{FAE04EC0-301F-11D3-BF4B-00C04F79EFBC}") = "Aplib.Core", "Aplib.Core\Aplib.Core.csproj", "{0ED50CC0-F90F-44D4-830E-2F3BACE040EC}"
EndProject
Global
	GlobalSection(SolutionConfigurationPlatforms) = preSolution
		Debug|Any CPU = Debug|Any CPU
		Release|Any CPU = Release|Any CPU
	EndGlobalSection
	GlobalSection(ProjectConfigurationPlatforms) = postSolution
		{0ED50CC0-F90F-44D4-830E-2F3BACE040EC}.Debug|Any CPU.ActiveCfg = Debug|Any CPU
		{0ED50CC0-F90F-44D4-830E-2F3BACE040EC}.Debug|Any CPU.Build.0 = Debug|Any CPU
		{0ED50CC0-F90F-44D4-830E-2F3BACE040EC}.Release|Any CPU.ActiveCfg = Release|Any CPU
		{0ED50CC0-F90F-44D4-830E-2F3BACE040EC}.Release|Any CPU.Build.0 = Release|Any CPU
	EndGlobalSection
	GlobalSection(SolutionProperties) = preSolution
		HideSolutionNode = FALSE
	EndGlobalSection
	GlobalSection(ExtensibilityGlobals) = postSolution
		SolutionGuid = {FE95704C-D4DD-4314-8FF3-A94BEA5F2322}
	EndGlobalSection
EndGlobal
